
Microsoft Visual Studio Solution File, Format Version 12.00
# Visual Studio Version 16
VisualStudioVersion = 16.0.31205.134
MinimumVisualStudioVersion = 10.0.40219.1
Project("{FAE04EC0-301F-11D3-BF4B-00C04F79EFBC}") = "GoogleSheetsToDocs", "GoogleSheetsToDocs\GoogleSheetsToDocs.csproj", "{ADB395DD-DD80-4C8E-9021-5EE6896E6155}"
EndProject
Global
	GlobalSection(SolutionConfigurationPlatforms) = preSolution
		Debug|Any CPU = Debug|Any CPU
		Release|Any CPU = Release|Any CPU
	EndGlobalSection
	GlobalSection(ProjectConfigurationPlatforms) = postSolution
		{ADB395DD-DD80-4C8E-9021-5EE6896E6155}.Debug|Any CPU.ActiveCfg = Debug|Any CPU
		{ADB395DD-DD80-4C8E-9021-5EE6896E6155}.Debug|Any CPU.Build.0 = Debug|Any CPU
		{ADB395DD-DD80-4C8E-9021-5EE6896E6155}.Release|Any CPU.ActiveCfg = Release|Any CPU
		{ADB395DD-DD80-4C8E-9021-5EE6896E6155}.Release|Any CPU.Build.0 = Release|Any CPU
	EndGlobalSection
	GlobalSection(SolutionProperties) = preSolution
		HideSolutionNode = FALSE
	EndGlobalSection
	GlobalSection(ExtensibilityGlobals) = postSolution
		SolutionGuid = {FDF8E2DB-F34B-48EE-A162-6325D0195160}
	EndGlobalSection
EndGlobal
